{
  "name": "playground-web-components",
  "version": "0.0.1",
  "lockfileVersion": 2,
  "requires": true,
  "packages": {
    "": {
      "name": "playground-web-components",
      "version": "0.0.1",
      "license": "MIT",
      "dependencies": {
        "@blockquote/pseudo-css-support": "^1.0.0"
      },
      "devDependencies": {
        "vite": "^2.8.0-beta.5 "
      }
    },
    "node_modules/@blockquote/pseudo-css-support": {
      "version": "1.0.0",
      "resolved": "https://registry.npmjs.org/@blockquote/pseudo-css-support/-/pseudo-css-support-1.0.0.tgz",
      "integrity": "sha512-fug3vnerFX17MQyk0KJRhuUOzC9XCn4mVhXx6dMfA3d3jlh/H6hBukf6pB9QR50G02qSyVznYbeovtH7bkwzWw=="
    },
    "node_modules/esbuild": {
      "version": "0.14.19",
      "resolved": "https://globaldevtools.bbva.com:443/artifactory/api/npm/npm-repo/esbuild/-/esbuild-0.14.19.tgz",
      "integrity": "sha1-2cwBbz+nr/5wVhcSbj7VF5E3QyQ=",
      "dev": true,
      "hasInstallScript": true,
      "license": "MIT",
      "bin": {
        "esbuild": "bin/esbuild"
      },
      "engines": {
        "node": ">=12"
      },
      "optionalDependencies": {
        "esbuild-android-arm64": "0.14.19",
        "esbuild-darwin-64": "0.14.19",
        "esbuild-darwin-arm64": "0.14.19",
        "esbuild-freebsd-64": "0.14.19",
        "esbuild-freebsd-arm64": "0.14.19",
        "esbuild-linux-32": "0.14.19",
        "esbuild-linux-64": "0.14.19",
        "esbuild-linux-arm": "0.14.19",
        "esbuild-linux-arm64": "0.14.19",
        "esbuild-linux-mips64le": "0.14.19",
        "esbuild-linux-ppc64le": "0.14.19",
        "esbuild-linux-s390x": "0.14.19",
        "esbuild-netbsd-64": "0.14.19",
        "esbuild-openbsd-64": "0.14.19",
        "esbuild-sunos-64": "0.14.19",
        "esbuild-windows-32": "0.14.19",
        "esbuild-windows-64": "0.14.19",
        "esbuild-windows-arm64": "0.14.19"
      }
    },
    "node_modules/esbuild-android-arm64": {
      "version": "0.14.19",
      "resolved": "https://globaldevtools.bbva.com:443/artifactory/api/npm/npm-repo/esbuild-android-arm64/-/esbuild-android-arm64-0.14.19.tgz",
      "integrity": "sha1-MrigM2ZEABj0DV/udggzal5K5xg=",
      "cpu": [
        "arm64"
      ],
      "dev": true,
      "license": "MIT",
      "optional": true,
      "os": [
        "android"
      ],
      "engines": {
        "node": ">=12"
      }
    },
    "node_modules/esbuild-darwin-64": {
      "version": "0.14.19",
      "resolved": "https://globaldevtools.bbva.com:443/artifactory/api/npm/npm-repo/esbuild-darwin-64/-/esbuild-darwin-64-0.14.19.tgz",
      "integrity": "sha1-LD5Js1ioUyhnYpjjJ8FYqTbsvYc=",
      "cpu": [
        "x64"
      ],
      "dev": true,
      "license": "MIT",
      "optional": true,
      "os": [
        "darwin"
      ],
      "engines": {
        "node": ">=12"
      }
    },
    "node_modules/esbuild-darwin-arm64": {
      "version": "0.14.19",
      "resolved": "https://globaldevtools.bbva.com:443/artifactory/api/npm/npm-repo/esbuild-darwin-arm64/-/esbuild-darwin-arm64-0.14.19.tgz",
      "integrity": "sha1-brjqjU3BYYiexeTmbC7JcZ6fRt8=",
      "cpu": [
        "arm64"
      ],
      "dev": true,
      "license": "MIT",
      "optional": true,
      "os": [
        "darwin"
      ],
      "engines": {
        "node": ">=12"
      }
    },
    "node_modules/esbuild-freebsd-64": {
      "version": "0.14.19",
      "resolved": "https://globaldevtools.bbva.com:443/artifactory/api/npm/npm-repo/esbuild-freebsd-64/-/esbuild-freebsd-64-0.14.19.tgz",
      "integrity": "sha1-GGjiGC5fiTPZhuLvJumDciuCZVc=",
      "cpu": [
        "x64"
      ],
      "dev": true,
      "license": "MIT",
      "optional": true,
      "os": [
        "freebsd"
      ],
      "engines": {
        "node": ">=12"
      }
    },
    "node_modules/esbuild-freebsd-arm64": {
      "version": "0.14.19",
      "resolved": "https://globaldevtools.bbva.com:443/artifactory/api/npm/npm-repo/esbuild-freebsd-arm64/-/esbuild-freebsd-arm64-0.14.19.tgz",
      "integrity": "sha1-+oU+S8AD6oGCB3an2pS/TyAAckM=",
      "cpu": [
        "arm64"
      ],
      "dev": true,
      "license": "MIT",
      "optional": true,
      "os": [
        "freebsd"
      ],
      "engines": {
        "node": ">=12"
      }
    },
    "node_modules/esbuild-linux-32": {
      "version": "0.14.19",
      "resolved": "https://globaldevtools.bbva.com:443/artifactory/api/npm/npm-repo/esbuild-linux-32/-/esbuild-linux-32-0.14.19.tgz",
      "integrity": "sha1-rfs/m+1aKOMKpNd3GnfLPErvKZI=",
      "cpu": [
        "ia32"
      ],
      "dev": true,
      "license": "MIT",
      "optional": true,
      "os": [
        "linux"
      ],
      "engines": {
        "node": ">=12"
      }
    },
    "node_modules/esbuild-linux-64": {
      "version": "0.14.19",
      "resolved": "https://globaldevtools.bbva.com:443/artifactory/api/npm/npm-repo/esbuild-linux-64/-/esbuild-linux-64-0.14.19.tgz",
      "integrity": "sha1-MKAGb/kpOuS5qK1NS0AQsx2wQmA=",
      "cpu": [
        "x64"
      ],
      "dev": true,
      "license": "MIT",
      "optional": true,
      "os": [
        "linux"
      ],
      "engines": {
        "node": ">=12"
      }
    },
    "node_modules/esbuild-linux-arm": {
      "version": "0.14.19",
      "resolved": "https://globaldevtools.bbva.com:443/artifactory/api/npm/npm-repo/esbuild-linux-arm/-/esbuild-linux-arm-0.14.19.tgz",
      "integrity": "sha1-mNkbtHt1j3zXgSLWUEO8WIygOS8=",
      "cpu": [
        "arm"
      ],
      "dev": true,
      "license": "MIT",
      "optional": true,
      "os": [
        "linux"
      ],
      "engines": {
        "node": ">=12"
      }
    },
    "node_modules/esbuild-linux-arm64": {
      "version": "0.14.19",
      "resolved": "https://globaldevtools.bbva.com:443/artifactory/api/npm/npm-repo/esbuild-linux-arm64/-/esbuild-linux-arm64-0.14.19.tgz",
      "integrity": "sha1-C9l27GrJKWLmffaogltx0QOfNSc=",
      "cpu": [
        "arm64"
      ],
      "dev": true,
      "license": "MIT",
      "optional": true,
      "os": [
        "linux"
      ],
      "engines": {
        "node": ">=12"
      }
    },
    "node_modules/esbuild-linux-mips64le": {
      "version": "0.14.19",
      "resolved": "https://globaldevtools.bbva.com:443/artifactory/api/npm/npm-repo/esbuild-linux-mips64le/-/esbuild-linux-mips64le-0.14.19.tgz",
      "integrity": "sha1-hVeelGx/6dTJaejMGrwC/Na2QjA=",
      "cpu": [
        "mips64el"
      ],
      "dev": true,
      "license": "MIT",
      "optional": true,
      "os": [
        "linux"
      ],
      "engines": {
        "node": ">=12"
      }
    },
    "node_modules/esbuild-linux-ppc64le": {
      "version": "0.14.19",
      "resolved": "https://globaldevtools.bbva.com:443/artifactory/api/npm/npm-repo/esbuild-linux-ppc64le/-/esbuild-linux-ppc64le-0.14.19.tgz",
      "integrity": "sha1-VEH46Gyfogvk6X0HDO19GNbXl6c=",
      "cpu": [
        "ppc64"
      ],
      "dev": true,
      "license": "MIT",
      "optional": true,
      "os": [
        "linux"
      ],
      "engines": {
        "node": ">=12"
      }
    },
    "node_modules/esbuild-linux-s390x": {
      "version": "0.14.19",
      "resolved": "https://globaldevtools.bbva.com:443/artifactory/api/npm/npm-repo/esbuild-linux-s390x/-/esbuild-linux-s390x-0.14.19.tgz",
      "integrity": "sha1-gkR4xVYYNeCBT++YrpN21cJ6NTc=",
      "cpu": [
        "s390x"
      ],
      "dev": true,
      "license": "MIT",
      "optional": true,
      "os": [
        "linux"
      ],
      "engines": {
        "node": ">=12"
      }
    },
    "node_modules/esbuild-netbsd-64": {
      "version": "0.14.19",
      "resolved": "https://globaldevtools.bbva.com:443/artifactory/api/npm/npm-repo/esbuild-netbsd-64/-/esbuild-netbsd-64-0.14.19.tgz",
      "integrity": "sha1-FE22p9em98BmXfsIgC7HOFpSgME=",
      "cpu": [
        "x64"
      ],
      "dev": true,
      "license": "MIT",
      "optional": true,
      "os": [
        "netbsd"
      ],
      "engines": {
        "node": ">=12"
      }
    },
    "node_modules/esbuild-openbsd-64": {
      "version": "0.14.19",
      "resolved": "https://globaldevtools.bbva.com:443/artifactory/api/npm/npm-repo/esbuild-openbsd-64/-/esbuild-openbsd-64-0.14.19.tgz",
      "integrity": "sha1-cxVGT0mBrMIbqfD37x4wO7pfZvg=",
      "cpu": [
        "x64"
      ],
      "dev": true,
      "license": "MIT",
      "optional": true,
      "os": [
        "openbsd"
      ],
      "engines": {
        "node": ">=12"
      }
    },
    "node_modules/esbuild-sunos-64": {
      "version": "0.14.19",
      "resolved": "https://globaldevtools.bbva.com:443/artifactory/api/npm/npm-repo/esbuild-sunos-64/-/esbuild-sunos-64-0.14.19.tgz",
      "integrity": "sha1-E/mbO37OUrAWalN1+JZ0zeHWNck=",
      "cpu": [
        "x64"
      ],
      "dev": true,
      "license": "MIT",
      "optional": true,
      "os": [
        "sunos"
      ],
      "engines": {
        "node": ">=12"
      }
    },
    "node_modules/esbuild-windows-32": {
      "version": "0.14.19",
      "resolved": "https://globaldevtools.bbva.com:443/artifactory/api/npm/npm-repo/esbuild-windows-32/-/esbuild-windows-32-0.14.19.tgz",
      "integrity": "sha1-XSpG7FvbemqRFGlT3TrFdb6qGoU=",
      "cpu": [
        "ia32"
      ],
      "dev": true,
      "license": "MIT",
      "optional": true,
      "os": [
        "win32"
      ],
      "engines": {
        "node": ">=12"
      }
    },
    "node_modules/esbuild-windows-64": {
      "version": "0.14.19",
      "resolved": "https://globaldevtools.bbva.com:443/artifactory/api/npm/npm-repo/esbuild-windows-64/-/esbuild-windows-64-0.14.19.tgz",
      "integrity": "sha1-jViJpzcMhO9tU8EFNbAiq5xYZKI=",
      "cpu": [
        "x64"
      ],
      "dev": true,
      "license": "MIT",
      "optional": true,
      "os": [
        "win32"
      ],
      "engines": {
        "node": ">=12"
      }
    },
    "node_modules/esbuild-windows-arm64": {
      "version": "0.14.19",
      "resolved": "https://globaldevtools.bbva.com:443/artifactory/api/npm/npm-repo/esbuild-windows-arm64/-/esbuild-windows-arm64-0.14.19.tgz",
      "integrity": "sha1-y7ZvoGFD7H/lU4ta75BNqqHGmg4=",
      "cpu": [
        "arm64"
      ],
      "dev": true,
      "license": "MIT",
      "optional": true,
      "os": [
        "win32"
      ],
      "engines": {
        "node": ">=12"
      }
    },
    "node_modules/fsevents": {
      "version": "2.3.2",
      "resolved": "https://registry.npmjs.org/fsevents/-/fsevents-2.3.2.tgz",
      "integrity": "sha512-xiqMQR4xAeHTuB9uWm+fFRcIOgKBMiOBP+eXiyT7jsgVCq1bkVygt00oASowB7EdtpOHaaPgKt812P9ab+DDKA==",
      "dev": true,
      "hasInstallScript": true,
      "optional": true,
      "os": [
        "darwin"
      ],
      "engines": {
        "node": "^8.16.0 || ^10.6.0 || >=11.0.0"
      }
    },
    "node_modules/function-bind": {
      "version": "1.1.1",
      "resolved": "https://globaldevtools.bbva.com:443/artifactory/api/npm/npm-repo/function-bind/-/function-bind-1.1.1.tgz",
      "integrity": "sha1-pWiZ0+o8m6uHS7l3O3xe3pL0iV0=",
      "dev": true,
      "license": "MIT"
    },
    "node_modules/has": {
      "version": "1.0.3",
      "resolved": "https://globaldevtools.bbva.com:443/artifactory/api/npm/npm-repo/has/-/has-1.0.3.tgz",
      "integrity": "sha1-ci18v8H2qoJB8W3YFOAR4fQeh5Y=",
      "dev": true,
      "license": "MIT",
      "dependencies": {
        "function-bind": "^1.1.1"
      },
      "engines": {
        "node": ">= 0.4.0"
      }
    },
    "node_modules/is-core-module": {
      "version": "2.8.1",
      "resolved": "https://globaldevtools.bbva.com:443/artifactory/api/npm/npm-repo/is-core-module/-/is-core-module-2.8.1.tgz",
      "integrity": "sha1-9Z/fynAdWHnQprEApAqhVgzichE=",
      "dev": true,
      "license": "MIT",
      "dependencies": {
        "has": "^1.0.3"
      },
      "funding": {
        "url": "https://github.com/sponsors/ljharb"
      }
    },
    "node_modules/nanoid": {
      "version": "3.1.30",
      "resolved": "https://registry.npmjs.org/nanoid/-/nanoid-3.1.30.tgz",
      "integrity": "sha512-zJpuPDwOv8D2zq2WRoMe1HsfZthVewpel9CAvTfc/2mBD1uUT/agc5f7GHGWXlYkFvi1mVxe4IjvP2HNrop7nQ==",
      "dev": true,
      "bin": {
        "nanoid": "bin/nanoid.cjs"
      },
      "engines": {
        "node": "^10 || ^12 || ^13.7 || ^14 || >=15.0.1"
      }
    },
    "node_modules/path-parse": {
      "version": "1.0.7",
      "resolved": "https://globaldevtools.bbva.com:443/artifactory/api/npm/npm-repo/path-parse/-/path-parse-1.0.7.tgz",
      "integrity": "sha1-+8EUtgykKzDZ2vWFjkvWi77bZzU=",
      "dev": true,
      "license": "MIT"
    },
    "node_modules/picocolors": {
      "version": "1.0.0",
      "resolved": "https://registry.npmjs.org/picocolors/-/picocolors-1.0.0.tgz",
      "integrity": "sha512-1fygroTLlHu66zi26VoTDv8yRgm0Fccecssto+MhsZ0D/DGW2sm8E8AjW7NU5VVTRt5GxbeZ5qBuJr+HyLYkjQ==",
      "dev": true
    },
    "node_modules/postcss": {
      "version": "8.4.5",
      "resolved": "https://registry.npmjs.org/postcss/-/postcss-8.4.5.tgz",
      "integrity": "sha512-jBDboWM8qpaqwkMwItqTQTiFikhs/67OYVvblFFTM7MrZjt6yMKd6r2kgXizEbTTljacm4NldIlZnhbjr84QYg==",
      "dev": true,
      "dependencies": {
        "nanoid": "^3.1.30",
        "picocolors": "^1.0.0",
        "source-map-js": "^1.0.1"
      },
      "engines": {
        "node": "^10 || ^12 || >=14"
      },
      "funding": {
        "type": "opencollective",
        "url": "https://opencollective.com/postcss/"
      }
    },
    "node_modules/resolve": {
      "version": "1.22.0",
      "resolved": "https://globaldevtools.bbva.com:443/artifactory/api/npm/npm-repo/resolve/-/resolve-1.22.0.tgz",
      "integrity": "sha1-XguMZ8Fd9XqJvbq+YDoALyFzEZg=",
      "dev": true,
      "license": "MIT",
      "dependencies": {
        "is-core-module": "^2.8.1",
        "path-parse": "^1.0.7",
        "supports-preserve-symlinks-flag": "^1.0.0"
      },
      "bin": {
        "resolve": "bin/resolve"
      },
      "funding": {
        "url": "https://github.com/sponsors/ljharb"
      }
    },
    "node_modules/rollup": {
      "version": "2.63.0",
      "resolved": "https://registry.npmjs.org/rollup/-/rollup-2.63.0.tgz",
      "integrity": "sha512-nps0idjmD+NXl6OREfyYXMn/dar3WGcyKn+KBzPdaLecub3x/LrId0wUcthcr8oZUAcZAR8NKcfGGFlNgGL1kQ==",
      "dev": true,
      "bin": {
        "rollup": "dist/bin/rollup"
      },
      "engines": {
        "node": ">=10.0.0"
      },
      "optionalDependencies": {
        "fsevents": "~2.3.2"
      }
    },
    "node_modules/source-map-js": {
      "version": "1.0.1",
      "resolved": "https://registry.npmjs.org/source-map-js/-/source-map-js-1.0.1.tgz",
      "integrity": "sha512-4+TN2b3tqOCd/kaGRJ/sTYA0tR0mdXx26ipdolxcwtJVqEnqNYvlCAt1q3ypy4QMlYus+Zh34RNtYLoq2oQ4IA==",
      "dev": true,
      "engines": {
        "node": ">=0.10.0"
      }
    },
    "node_modules/supports-preserve-symlinks-flag": {
      "version": "1.0.0",
      "resolved": "https://globaldevtools.bbva.com:443/artifactory/api/npm/npm-repo/supports-preserve-symlinks-flag/-/supports-preserve-symlinks-flag-1.0.0.tgz",
      "integrity": "sha1-btpL00SjyUrqN21MwxvHcxEDngk=",
      "dev": true,
      "license": "MIT",
      "engines": {
        "node": ">= 0.4"
      },
      "funding": {
        "url": "https://github.com/sponsors/ljharb"
      }
    },
    "node_modules/vite": {
      "version": "2.8.0-beta.5",
      "resolved": "https://globaldevtools.bbva.com:443/artifactory/api/npm/npm-repo/vite/-/vite-2.8.0-beta.5.tgz",
      "integrity": "sha1-lv0rpJ4337ZiAszGBO3xph0yBvo=",
      "dev": true,
      "license": "MIT",
      "dependencies": {
        "esbuild": "^0.14.14",
        "postcss": "^8.4.5",
        "resolve": "^1.22.0",
        "rollup": "^2.59.0"
      },
      "bin": {
        "vite": "bin/vite.js"
      },
      "engines": {
        "node": ">=12.2.0"
      },
      "optionalDependencies": {
        "fsevents": "~2.3.2"
      },
      "peerDependencies": {
        "less": "*",
        "sass": "*",
        "stylus": "*"
      },
      "peerDependenciesMeta": {
        "less": {
          "optional": true
        },
        "sass": {
          "optional": true
        },
        "stylus": {
          "optional": true
        }
      }
    }
  },
  "dependencies": {
    "@blockquote/pseudo-css-support": {
      "version": "1.0.0",
      "resolved": "https://registry.npmjs.org/@blockquote/pseudo-css-support/-/pseudo-css-support-1.0.0.tgz",
      "integrity": "sha512-fug3vnerFX17MQyk0KJRhuUOzC9XCn4mVhXx6dMfA3d3jlh/H6hBukf6pB9QR50G02qSyVznYbeovtH7bkwzWw=="
    },
    "esbuild": {
      "version": "0.14.19",
      "resolved": "https://globaldevtools.bbva.com:443/artifactory/api/npm/npm-repo/esbuild/-/esbuild-0.14.19.tgz",
      "integrity": "sha1-2cwBbz+nr/5wVhcSbj7VF5E3QyQ=",
      "dev": true,
      "requires": {
        "esbuild-android-arm64": "0.14.19",
        "esbuild-darwin-64": "0.14.19",
        "esbuild-darwin-arm64": "0.14.19",
        "esbuild-freebsd-64": "0.14.19",
        "esbuild-freebsd-arm64": "0.14.19",
        "esbuild-linux-32": "0.14.19",
        "esbuild-linux-64": "0.14.19",
        "esbuild-linux-arm": "0.14.19",
        "esbuild-linux-arm64": "0.14.19",
        "esbuild-linux-mips64le": "0.14.19",
        "esbuild-linux-ppc64le": "0.14.19",
        "esbuild-linux-s390x": "0.14.19",
        "esbuild-netbsd-64": "0.14.19",
        "esbuild-openbsd-64": "0.14.19",
        "esbuild-sunos-64": "0.14.19",
        "esbuild-windows-32": "0.14.19",
        "esbuild-windows-64": "0.14.19",
        "esbuild-windows-arm64": "0.14.19"
      }
    },
    "esbuild-android-arm64": {
      "version": "0.14.19",
      "resolved": "https://globaldevtools.bbva.com:443/artifactory/api/npm/npm-repo/esbuild-android-arm64/-/esbuild-android-arm64-0.14.19.tgz",
      "integrity": "sha1-MrigM2ZEABj0DV/udggzal5K5xg=",
      "dev": true,
      "optional": true
    },
    "esbuild-darwin-64": {
      "version": "0.14.19",
      "resolved": "https://globaldevtools.bbva.com:443/artifactory/api/npm/npm-repo/esbuild-darwin-64/-/esbuild-darwin-64-0.14.19.tgz",
      "integrity": "sha1-LD5Js1ioUyhnYpjjJ8FYqTbsvYc=",
      "dev": true,
      "optional": true
    },
    "esbuild-darwin-arm64": {
      "version": "0.14.19",
      "resolved": "https://globaldevtools.bbva.com:443/artifactory/api/npm/npm-repo/esbuild-darwin-arm64/-/esbuild-darwin-arm64-0.14.19.tgz",
      "integrity": "sha1-brjqjU3BYYiexeTmbC7JcZ6fRt8=",
      "dev": true,
      "optional": true
    },
    "esbuild-freebsd-64": {
      "version": "0.14.19",
      "resolved": "https://globaldevtools.bbva.com:443/artifactory/api/npm/npm-repo/esbuild-freebsd-64/-/esbuild-freebsd-64-0.14.19.tgz",
      "integrity": "sha1-GGjiGC5fiTPZhuLvJumDciuCZVc=",
      "dev": true,
      "optional": true
    },
    "esbuild-freebsd-arm64": {
      "version": "0.14.19",
      "resolved": "https://globaldevtools.bbva.com:443/artifactory/api/npm/npm-repo/esbuild-freebsd-arm64/-/esbuild-freebsd-arm64-0.14.19.tgz",
      "integrity": "sha1-+oU+S8AD6oGCB3an2pS/TyAAckM=",
      "dev": true,
      "optional": true
    },
    "esbuild-linux-32": {
      "version": "0.14.19",
      "resolved": "https://globaldevtools.bbva.com:443/artifactory/api/npm/npm-repo/esbuild-linux-32/-/esbuild-linux-32-0.14.19.tgz",
      "integrity": "sha1-rfs/m+1aKOMKpNd3GnfLPErvKZI=",
      "dev": true,
      "optional": true
    },
    "esbuild-linux-64": {
      "version": "0.14.19",
      "resolved": "https://globaldevtools.bbva.com:443/artifactory/api/npm/npm-repo/esbuild-linux-64/-/esbuild-linux-64-0.14.19.tgz",
      "integrity": "sha1-MKAGb/kpOuS5qK1NS0AQsx2wQmA=",
      "dev": true,
      "optional": true
    },
    "esbuild-linux-arm": {
      "version": "0.14.19",
      "resolved": "https://globaldevtools.bbva.com:443/artifactory/api/npm/npm-repo/esbuild-linux-arm/-/esbuild-linux-arm-0.14.19.tgz",
      "integrity": "sha1-mNkbtHt1j3zXgSLWUEO8WIygOS8=",
      "dev": true,
      "optional": true
    },
    "esbuild-linux-arm64": {
      "version": "0.14.19",
      "resolved": "https://globaldevtools.bbva.com:443/artifactory/api/npm/npm-repo/esbuild-linux-arm64/-/esbuild-linux-arm64-0.14.19.tgz",
      "integrity": "sha1-C9l27GrJKWLmffaogltx0QOfNSc=",
      "dev": true,
      "optional": true
    },
    "esbuild-linux-mips64le": {
      "version": "0.14.19",
      "resolved": "https://globaldevtools.bbva.com:443/artifactory/api/npm/npm-repo/esbuild-linux-mips64le/-/esbuild-linux-mips64le-0.14.19.tgz",
      "integrity": "sha1-hVeelGx/6dTJaejMGrwC/Na2QjA=",
      "dev": true,
      "optional": true
    },
    "esbuild-linux-ppc64le": {
      "version": "0.14.19",
      "resolved": "https://globaldevtools.bbva.com:443/artifactory/api/npm/npm-repo/esbuild-linux-ppc64le/-/esbuild-linux-ppc64le-0.14.19.tgz",
      "integrity": "sha1-VEH46Gyfogvk6X0HDO19GNbXl6c=",
      "dev": true,
      "optional": true
    },
    "esbuild-linux-s390x": {
      "version": "0.14.19",
      "resolved": "https://globaldevtools.bbva.com:443/artifactory/api/npm/npm-repo/esbuild-linux-s390x/-/esbuild-linux-s390x-0.14.19.tgz",
      "integrity": "sha1-gkR4xVYYNeCBT++YrpN21cJ6NTc=",
      "dev": true,
      "optional": true
    },
    "esbuild-netbsd-64": {
      "version": "0.14.19",
      "resolved": "https://globaldevtools.bbva.com:443/artifactory/api/npm/npm-repo/esbuild-netbsd-64/-/esbuild-netbsd-64-0.14.19.tgz",
      "integrity": "sha1-FE22p9em98BmXfsIgC7HOFpSgME=",
      "dev": true,
      "optional": true
    },
    "esbuild-openbsd-64": {
      "version": "0.14.19",
      "resolved": "https://globaldevtools.bbva.com:443/artifactory/api/npm/npm-repo/esbuild-openbsd-64/-/esbuild-openbsd-64-0.14.19.tgz",
      "integrity": "sha1-cxVGT0mBrMIbqfD37x4wO7pfZvg=",
      "dev": true,
      "optional": true
    },
    "esbuild-sunos-64": {
      "version": "0.14.19",
      "resolved": "https://globaldevtools.bbva.com:443/artifactory/api/npm/npm-repo/esbuild-sunos-64/-/esbuild-sunos-64-0.14.19.tgz",
      "integrity": "sha1-E/mbO37OUrAWalN1+JZ0zeHWNck=",
      "dev": true,
      "optional": true
    },
    "esbuild-windows-32": {
      "version": "0.14.19",
      "resolved": "https://globaldevtools.bbva.com:443/artifactory/api/npm/npm-repo/esbuild-windows-32/-/esbuild-windows-32-0.14.19.tgz",
      "integrity": "sha1-XSpG7FvbemqRFGlT3TrFdb6qGoU=",
      "dev": true,
      "optional": true
    },
    "esbuild-windows-64": {
      "version": "0.14.19",
      "resolved": "https://globaldevtools.bbva.com:443/artifactory/api/npm/npm-repo/esbuild-windows-64/-/esbuild-windows-64-0.14.19.tgz",
      "integrity": "sha1-jViJpzcMhO9tU8EFNbAiq5xYZKI=",
      "dev": true,
      "optional": true
    },
    "esbuild-windows-arm64": {
      "version": "0.14.19",
      "resolved": "https://globaldevtools.bbva.com:443/artifactory/api/npm/npm-repo/esbuild-windows-arm64/-/esbuild-windows-arm64-0.14.19.tgz",
      "integrity": "sha1-y7ZvoGFD7H/lU4ta75BNqqHGmg4=",
      "dev": true,
      "optional": true
    },
    "fsevents": {
      "version": "2.3.2",
      "resolved": "https://registry.npmjs.org/fsevents/-/fsevents-2.3.2.tgz",
      "integrity": "sha512-xiqMQR4xAeHTuB9uWm+fFRcIOgKBMiOBP+eXiyT7jsgVCq1bkVygt00oASowB7EdtpOHaaPgKt812P9ab+DDKA==",
      "dev": true,
      "optional": true
    },
    "function-bind": {
      "version": "1.1.1",
      "resolved": "https://globaldevtools.bbva.com:443/artifactory/api/npm/npm-repo/function-bind/-/function-bind-1.1.1.tgz",
      "integrity": "sha1-pWiZ0+o8m6uHS7l3O3xe3pL0iV0=",
      "dev": true
    },
    "has": {
      "version": "1.0.3",
      "resolved": "https://globaldevtools.bbva.com:443/artifactory/api/npm/npm-repo/has/-/has-1.0.3.tgz",
      "integrity": "sha1-ci18v8H2qoJB8W3YFOAR4fQeh5Y=",
      "dev": true,
      "requires": {
        "function-bind": "^1.1.1"
      }
    },
    "is-core-module": {
      "version": "2.8.1",
      "resolved": "https://globaldevtools.bbva.com:443/artifactory/api/npm/npm-repo/is-core-module/-/is-core-module-2.8.1.tgz",
      "integrity": "sha1-9Z/fynAdWHnQprEApAqhVgzichE=",
      "dev": true,
      "requires": {
        "has": "^1.0.3"
      }
    },
    "nanoid": {
      "version": "3.1.30",
      "resolved": "https://registry.npmjs.org/nanoid/-/nanoid-3.1.30.tgz",
      "integrity": "sha512-zJpuPDwOv8D2zq2WRoMe1HsfZthVewpel9CAvTfc/2mBD1uUT/agc5f7GHGWXlYkFvi1mVxe4IjvP2HNrop7nQ==",
      "dev": true
    },
    "path-parse": {
      "version": "1.0.7",
      "resolved": "https://globaldevtools.bbva.com:443/artifactory/api/npm/npm-repo/path-parse/-/path-parse-1.0.7.tgz",
      "integrity": "sha1-+8EUtgykKzDZ2vWFjkvWi77bZzU=",
      "dev": true
    },
    "picocolors": {
      "version": "1.0.0",
      "resolved": "https://registry.npmjs.org/picocolors/-/picocolors-1.0.0.tgz",
      "integrity": "sha512-1fygroTLlHu66zi26VoTDv8yRgm0Fccecssto+MhsZ0D/DGW2sm8E8AjW7NU5VVTRt5GxbeZ5qBuJr+HyLYkjQ==",
      "dev": true
    },
    "postcss": {
      "version": "8.4.5",
      "resolved": "https://registry.npmjs.org/postcss/-/postcss-8.4.5.tgz",
      "integrity": "sha512-jBDboWM8qpaqwkMwItqTQTiFikhs/67OYVvblFFTM7MrZjt6yMKd6r2kgXizEbTTljacm4NldIlZnhbjr84QYg==",
      "dev": true,
      "requires": {
        "nanoid": "^3.1.30",
        "picocolors": "^1.0.0",
        "source-map-js": "^1.0.1"
      }
    },
    "resolve": {
      "version": "1.22.0",
      "resolved": "https://globaldevtools.bbva.com:443/artifactory/api/npm/npm-repo/resolve/-/resolve-1.22.0.tgz",
      "integrity": "sha1-XguMZ8Fd9XqJvbq+YDoALyFzEZg=",
      "dev": true,
      "requires": {
        "is-core-module": "^2.8.1",
        "path-parse": "^1.0.7",
        "supports-preserve-symlinks-flag": "^1.0.0"
      }
    },
    "rollup": {
      "version": "2.63.0",
      "resolved": "https://registry.npmjs.org/rollup/-/rollup-2.63.0.tgz",
      "integrity": "sha512-nps0idjmD+NXl6OREfyYXMn/dar3WGcyKn+KBzPdaLecub3x/LrId0wUcthcr8oZUAcZAR8NKcfGGFlNgGL1kQ==",
      "dev": true,
      "requires": {
        "fsevents": "~2.3.2"
      }
    },
    "source-map-js": {
      "version": "1.0.1",
      "resolved": "https://registry.npmjs.org/source-map-js/-/source-map-js-1.0.1.tgz",
      "integrity": "sha512-4+TN2b3tqOCd/kaGRJ/sTYA0tR0mdXx26ipdolxcwtJVqEnqNYvlCAt1q3ypy4QMlYus+Zh34RNtYLoq2oQ4IA==",
      "dev": true
    },
    "supports-preserve-symlinks-flag": {
      "version": "1.0.0",
      "resolved": "https://globaldevtools.bbva.com:443/artifactory/api/npm/npm-repo/supports-preserve-symlinks-flag/-/supports-preserve-symlinks-flag-1.0.0.tgz",
      "integrity": "sha1-btpL00SjyUrqN21MwxvHcxEDngk=",
      "dev": true
    },
    "vite": {
      "version": "2.8.0-beta.5",
      "resolved": "https://globaldevtools.bbva.com:443/artifactory/api/npm/npm-repo/vite/-/vite-2.8.0-beta.5.tgz",
      "integrity": "sha1-lv0rpJ4337ZiAszGBO3xph0yBvo=",
      "dev": true,
      "requires": {
        "esbuild": "^0.14.14",
        "fsevents": "~2.3.2",
        "postcss": "^8.4.5",
        "resolve": "^1.22.0",
        "rollup": "^2.59.0"
      }
    }
  }
}
